
Microsoft Visual Studio Solution File, Format Version 12.00
# Visual Studio 2013
VisualStudioVersion = 12.0.31101.0
MinimumVisualStudioVersion = 10.0.40219.1
Project("{FAE04EC0-301F-11D3-BF4B-00C04F79EFBC}") = "Battleships", "Battleships\Battleships.csproj", "{AD7F9BBB-9A40-4C16-A5B0-A8083F993819}"
EndProject
Project("{FAE04EC0-301F-11D3-BF4B-00C04F79EFBC}") = "Battleships.UnitTests", "Battleships.UnitTests\Battleships.UnitTests.csproj", "{74FACD55-05E5-4F0C-AC68-02133EE2E96E}"
EndProject
Project("{2150E333-8FDC-42A3-9474-1A3956D46DE8}") = ".nuget", ".nuget", "{084E9995-2002-4676-A22B-C98C83BB5A79}"
	ProjectSection(SolutionItems) = preProject
		.nuget\NuGet.Config = .nuget\NuGet.Config
		.nuget\NuGet.exe = .nuget\NuGet.exe
		.nuget\NuGet.targets = .nuget\NuGet.targets
	EndProjectSection
EndProject
Global
	GlobalSection(SolutionConfigurationPlatforms) = preSolution
		Debug|Any CPU = Debug|Any CPU
		Release|Any CPU = Release|Any CPU
	EndGlobalSection
	GlobalSection(ProjectConfigurationPlatforms) = postSolution
		{AD7F9BBB-9A40-4C16-A5B0-A8083F993819}.Debug|Any CPU.ActiveCfg = Debug|Any CPU
		{AD7F9BBB-9A40-4C16-A5B0-A8083F993819}.Debug|Any CPU.Build.0 = Debug|Any CPU
		{AD7F9BBB-9A40-4C16-A5B0-A8083F993819}.Release|Any CPU.ActiveCfg = Release|Any CPU
		{AD7F9BBB-9A40-4C16-A5B0-A8083F993819}.Release|Any CPU.Build.0 = Release|Any CPU
		{74FACD55-05E5-4F0C-AC68-02133EE2E96E}.Debug|Any CPU.ActiveCfg = Debug|Any CPU
		{74FACD55-05E5-4F0C-AC68-02133EE2E96E}.Debug|Any CPU.Build.0 = Debug|Any CPU
		{74FACD55-05E5-4F0C-AC68-02133EE2E96E}.Release|Any CPU.ActiveCfg = Release|Any CPU
		{74FACD55-05E5-4F0C-AC68-02133EE2E96E}.Release|Any CPU.Build.0 = Release|Any CPU
	EndGlobalSection
	GlobalSection(SolutionProperties) = preSolution
		HideSolutionNode = FALSE
	EndGlobalSection
EndGlobal
